Microsoft Visual Studio Solution File, Format Version 11.00
# Visual Studio 2008

Project("{8A731391-7253-B181-811E-611A14E70224}") = "Simple Clock", "Assembly-CSharp.csproj", "{A8402178-4736-243E-E35C-42DBCACC6F7B}"
EndProject
Global
	GlobalSection(SolutionConfigurationPlatforms) = preSolution
		Debug|Any CPU = Debug|Any CPU
		Release|Any CPU = Release|Any CPU
	EndGlobalSection
	GlobalSection(ProjectConfigurationPlatforms) = postSolution
		{A8402178-4736-243E-E35C-42DBCACC6F7B}.Debug|Any CPU.ActiveCfg = Debug|Any CPU
		{A8402178-4736-243E-E35C-42DBCACC6F7B}.Debug|Any CPU.Build.0 = Debug|Any CPU
		{A8402178-4736-243E-E35C-42DBCACC6F7B}.Release|Any CPU.ActiveCfg = Release|Any CPU
		{A8402178-4736-243E-E35C-42DBCACC6F7B}.Release|Any CPU.Build.0 = Release|Any CPU
	EndGlobalSection
	GlobalSection(SolutionProperties) = preSolution
		HideSolutionNode = FALSE
	EndGlobalSection
	GlobalSection(MonoDevelopProperties) = preSolution
		StartupItem = Assembly-CSharp.csproj
	EndGlobalSection
EndGlobal
